// !$*UTF8*$!
{
	archiveVersion = 1;
	classes = {
	};
	objectVersion = 50;
	objects = {

/* Begin PBXBuildFile section */
		D40E1ABA2236588D0090552A /* EmojiCollectionViewCell.swift in Sources */ = {isa = PBXBuildFile; fileRef = D40E1AB92236588D0090552A /* EmojiCollectionViewCell.swift */; };
		D40E1ABC2236ADAE0090552A /* Utilities.swift in Sources */ = {isa = PBXBuildFile; fileRef = D40E1ABB2236ADAE0090552A /* Utilities.swift */; };
		D40E1ABE2239163F0090552A /* TextFieldCollectionViewCell.swift in Sources */ = {isa = PBXBuildFile; fileRef = D40E1ABD2239163F0090552A /* TextFieldCollectionViewCell.swift */; };
		D4C1881A222D2EF7007A5FDD /* AppDelegate.swift in Sources */ = {isa = PBXBuildFile; fileRef = D4C18819222D2EF7007A5FDD /* AppDelegate.swift */; };
		D4C1881F222D2EF7007A5FDD /* Main.storyboard in Resources */ = {isa = PBXBuildFile; fileRef = D4C1881D222D2EF7007A5FDD /* Main.storyboard */; };
		D4C18821222D2EF9007A5FDD /* Assets.xcassets in Resources */ = {isa = PBXBuildFile; fileRef = D4C18820222D2EF9007A5FDD /* Assets.xcassets */; };
		D4C18824222D2EF9007A5FDD /* LaunchScreen.storyboard in Resources */ = {isa = PBXBuildFile; fileRef = D4C18822222D2EF9007A5FDD /* LaunchScreen.storyboard */; };
		D4C1882D222D2F9E007A5FDD /* EmojiArtViewController.swift in Sources */ = {isa = PBXBuildFile; fileRef = D4C1882C222D2F9E007A5FDD /* EmojiArtViewController.swift */; };
		D4C1882F222D3025007A5FDD /* EmojiArtView.swift in Sources */ = {isa = PBXBuildFile; fileRef = D4C1882E222D3025007A5FDD /* EmojiArtView.swift */; };
		D4E2EB3622550098008A6361 /* EmojiArtDocumentTableViewController.swift in Sources */ = {isa = PBXBuildFile; fileRef = D4E2EB3522550098008A6361 /* EmojiArtDocumentTableViewController.swift */; };
		D4E2EB38225500AA008A6361 /* EmojiArt.swift in Sources */ = {isa = PBXBuildFile; fileRef = D4E2EB37225500AA008A6361 /* EmojiArt.swift */; };
/* End PBXBuildFile section */

/* Begin PBXFileReference section */
		D40E1AB92236588D0090552A /* EmojiCollectionViewCell.swift */ = {isa = PBXFileReference; lastKnownFileType = sourcecode.swift; path = EmojiCollectionViewCell.swift; sourceTree = "<group>"; };
		D40E1ABB2236ADAE0090552A /* Utilities.swift */ = {isa = PBXFileReference; lastKnownFileType = sourcecode.swift; path = Utilities.swift; sourceTree = "<group>"; };
		D40E1ABD2239163F0090552A /* TextFieldCollectionViewCell.swift */ = {isa = PBXFileReference; lastKnownFileType = sourcecode.swift; path = TextFieldCollectionViewCell.swift; sourceTree = "<group>"; };
		D4C18816222D2EF7007A5FDD /* EmojiArt.app */ = {isa = PBXFileReference; explicitFileType = wrapper.application; includeInIndex = 0; path = EmojiArt.app; sourceTree = BUILT_PRODUCTS_DIR; };
		D4C18819222D2EF7007A5FDD /* AppDelegate.swift */ = {isa = PBXFileReference; lastKnownFileType = sourcecode.swift; path = AppDelegate.swift; sourceTree = "<group>"; };
		D4C1881E222D2EF7007A5FDD /* Base */ = {isa = PBXFileReference; lastKnownFileType = file.storyboard; name = Base; path = Base.lproj/Main.storyboard; sourceTree = "<group>"; };
		D4C18820222D2EF9007A5FDD /* Assets.xcassets */ = {isa = PBXFileReference; lastKnownFileType = folder.assetcatalog; path = Assets.xcassets; sourceTree = "<group>"; };
		D4C18823222D2EF9007A5FDD /* Base */ = {isa = PBXFileReference; lastKnownFileType = file.storyboard; name = Base; path = Base.lproj/LaunchScreen.storyboard; sourceTree = "<group>"; };
		D4C18825222D2EF9007A5FDD /* Info.plist */ = {isa = PBXFileReference; lastKnownFileType = text.plist.xml; path = Info.plist; sourceTree = "<group>"; };
		D4C1882C222D2F9E007A5FDD /* EmojiArtViewController.swift */ = {isa = PBXFileReference; lastKnownFileType = sourcecode.swift; path = EmojiArtViewController.swift; sourceTree = "<group>"; };
		D4C1882E222D3025007A5FDD /* EmojiArtView.swift */ = {isa = PBXFileReference; lastKnownFileType = sourcecode.swift; path = EmojiArtView.swift; sourceTree = "<group>"; };
		D4E2EB3522550098008A6361 /* EmojiArtDocumentTableViewController.swift */ = {isa = PBXFileReference; fileEncoding = 4; lastKnownFileType = sourcecode.swift; path = EmojiArtDocumentTableViewController.swift; sourceTree = "<group>"; };
		D4E2EB37225500AA008A6361 /* EmojiArt.swift */ = {isa = PBXFileReference; fileEncoding = 4; lastKnownFileType = sourcecode.swift; path = EmojiArt.swift; sourceTree = "<group>"; };
/* End PBXFileReference section */

/* Begin PBXFrameworksBuildPhase section */
		D4C18813222D2EF7007A5FDD /* Frameworks */ = {
			isa = PBXFrameworksBuildPhase;
			buildActionMask = 2147483647;
			files = (
			);
			runOnlyForDeploymentPostprocessing = 0;
		};
/* End PBXFrameworksBuildPhase section */

/* Begin PBXGroup section */
		D4C1880D222D2EF7007A5FDD = {
			isa = PBXGroup;
			children = (
				D4C18818222D2EF7007A5FDD /* EmojiArt */,
				D4C18817222D2EF7007A5FDD /* Products */,
			);
			sourceTree = "<group>";
		};
		D4C18817222D2EF7007A5FDD /* Products */ = {
			isa = PBXGroup;
			children = (
				D4C18816222D2EF7007A5FDD /* EmojiArt.app */,
			);
			name = Products;
			sourceTree = "<group>";
		};
		D4C18818222D2EF7007A5FDD /* EmojiArt */ = {
			isa = PBXGroup;
			children = (
				D4C1881D222D2EF7007A5FDD /* Main.storyboard */,
				D40E1ABD2239163F0090552A /* TextFieldCollectionViewCell.swift */,
				D40E1ABB2236ADAE0090552A /* Utilities.swift */,
				D4E2EB3522550098008A6361 /* EmojiArtDocumentTableViewController.swift */,
				D4C1882E222D3025007A5FDD /* EmojiArtView.swift */,
				D4C1882C222D2F9E007A5FDD /* EmojiArtViewController.swift */,
				D40E1AB92236588D0090552A /* EmojiCollectionViewCell.swift */,
				D4E2EB37225500AA008A6361 /* EmojiArt.swift */,
				D4C18825222D2EF9007A5FDD /* Info.plist */,
				D4C1882B222D2F16007A5FDD /* Supporting Files */,
			);
			path = EmojiArt;
			sourceTree = "<group>";
		};
		D4C1882B222D2F16007A5FDD /* Supporting Files */ = {
			isa = PBXGroup;
			children = (
				D4C18819222D2EF7007A5FDD /* AppDelegate.swift */,
				D4C18820222D2EF9007A5FDD /* Assets.xcassets */,
				D4C18822222D2EF9007A5FDD /* LaunchScreen.storyboard */,
			);
			path = "Supporting Files";
			sourceTree = "<group>";
		};
/* End PBXGroup section */

/* Begin PBXNativeTarget section */
		D4C18815222D2EF7007A5FDD /* EmojiArt */ = {
			isa = PBXNativeTarget;
			buildConfigurationList = D4C18828222D2EF9007A5FDD /* Build configuration list for PBXNativeTarget "EmojiArt" */;
			buildPhases = (
				D4C18812222D2EF7007A5FDD /* Sources */,
				D4C18813222D2EF7007A5FDD /* Frameworks */,
				D4C18814222D2EF7007A5FDD /* Resources */,
			);
			buildRules = (
			);
			dependencies = (
			);
			name = EmojiArt;
			productName = EmojiArt;
			productReference = D4C18816222D2EF7007A5FDD /* EmojiArt.app */;
			productType = "com.apple.product-type.application";
		};
/* End PBXNativeTarget section */

/* Begin PBXProject section */
		D4C1880E222D2EF7007A5FDD /* Project object */ = {
			isa = PBXProject;
			attributes = {
				LastSwiftUpdateCheck = 1010;
				LastUpgradeCheck = 1010;
				ORGANIZATIONNAME = com.zeu;
				TargetAttributes = {
					D4C18815222D2EF7007A5FDD = {
						CreatedOnToolsVersion = 10.1;
					};
				};
			};
			buildConfigurationList = D4C18811222D2EF7007A5FDD /* Build configuration list for PBXProject "EmojiArt" */;
			compatibilityVersion = "Xcode 9.3";
			developmentRegion = en;
			hasScannedForEncodings = 0;
			knownRegions = (
				en,
				Base,
			);
			mainGroup = D4C1880D222D2EF7007A5FDD;
			productRefGroup = D4C18817222D2EF7007A5FDD /* Products */;
			projectDirPath = "";
			projectRoot = "";
			targets = (
				D4C18815222D2EF7007A5FDD /* EmojiArt */,
			);
		};
/* End PBXProject section */

/* Begin PBXResourcesBuildPhase section */
		D4C18814222D2EF7007A5FDD /* Resources */ = {
			isa = PBXResourcesBuildPhase;
			buildActionMask = 2147483647;
			files = (
				D4C18824222D2EF9007A5FDD /* LaunchScreen.storyboard in Resources */,
				D4C18821222D2EF9007A5FDD /* Assets.xcassets in Resources */,
				D4C1881F222D2EF7007A5FDD /* Main.storyboard in Resources */,
			);
			runOnlyForDeploymentPostprocessing = 0;
		};
/* End PBXResourcesBuildPhase section */

/* Begin PBXSourcesBuildPhase section */
		D4C18812222D2EF7007A5FDD /* Sources */ = {
			isa = PBXSourcesBuildPhase;
			buildActionMask = 2147483647;
			files = (
				D40E1ABC2236ADAE0090552A /* Utilities.swift in Sources */,
				D40E1ABE2239163F0090552A /* TextFieldCollectionViewCell.swift in Sources */,
				D4C1881A222D2EF7007A5FDD /* AppDelegate.swift in Sources */,
				D40E1ABA2236588D0090552A /* EmojiCollectionViewCell.swift in Sources */,
				D4E2EB38225500AA008A6361 /* EmojiArt.swift in Sources */,
				D4C1882D222D2F9E007A5FDD /* EmojiArtViewController.swift in Sources */,
				D4E2EB3622550098008A6361 /* EmojiArtDocumentTableViewController.swift in Sources */,
				D4C1882F222D3025007A5FDD /* EmojiArtView.swift in Sources */,
			);
			runOnlyForDeploymentPostprocessing = 0;
		};
/* End PBXSourcesBuildPhase section */

/* Begin PBXVariantGroup section */
		D4C1881D222D2EF7007A5FDD /* Main.storyboard */ = {
			isa = PBXVariantGroup;
			children = (
				D4C1881E222D2EF7007A5FDD /* Base */,
			);
			name = Main.storyboard;
			sourceTree = "<group>";
		};
		D4C18822222D2EF9007A5FDD /* LaunchScreen.storyboard */ = {
			isa = PBXVariantGroup;
			children = (
				D4C18823222D2EF9007A5FDD /* Base */,
			);
			name = LaunchScreen.storyboard;
			sourceTree = "<group>";
		};
/* End PBXVariantGroup section */

/* Begin XCBuildConfiguration section */
		D4C18826222D2EF9007A5FDD /* Debug */ = {
			isa = XCBuildConfiguration;
			buildSettings = {
				ALWAYS_SEARCH_USER_PATHS = NO;
				CLANG_ANALYZER_NONNULL = YES;
				CLANG_ANALYZER_NUMBER_OBJECT_CONVERSION = YES_AGGRESSIVE;
				CLANG_CXX_LANGUAGE_STANDARD = "gnu++14";
				CLANG_CXX_LIBRARY = "libc++";
				CLANG_ENABLE_MODULES = YES;
				CLANG_ENABLE_OBJC_ARC = YES;
				CLANG_ENABLE_OBJC_WEAK = YES;
				CLANG_WARN_BLOCK_CAPTURE_AUTORELEASING = YES;
				CLANG_WARN_BOOL_CONVERSION = YES;
				CLANG_WARN_COMMA = YES;
				CLANG_WARN_CONSTANT_CONVERSION = YES;
				CLANG_WARN_DEPRECATED_OBJC_IMPLEMENTATIONS = YES;
				CLANG_WARN_DIRECT_OBJC_ISA_USAGE = YES_ERROR;
				CLANG_WARN_DOCUMENTATION_COMMENTS = YES;
				CLANG_WARN_EMPTY_BODY = YES;
				CLANG_WARN_ENUM_CONVERSION = YES;
				CLANG_WARN_INFINITE_RECURSION = YES;
				CLANG_WARN_INT_CONVERSION = YES;
				CLANG_WARN_NON_LITERAL_NULL_CONVERSION = YES;
				CLANG_WARN_OBJC_IMPLICIT_RETAIN_SELF = YES;
				CLANG_WARN_OBJC_LITERAL_CONVERSION = YES;
				CLANG_WARN_OBJC_ROOT_CLASS = YES_ERROR;
				CLANG_WARN_RANGE_LOOP_ANALYSIS = YES;
				CLANG_WARN_STRICT_PROTOTYPES = YES;
				CLANG_WARN_SUSPICIOUS_MOVE = YES;
				CLANG_WARN_UNGUARDED_AVAILABILITY = YES_AGGRESSIVE;
				CLANG_WARN_UNREACHABLE_CODE = YES;
				CLANG_WARN__DUPLICATE_METHOD_MATCH = YES;
				CODE_SIGN_IDENTITY = "iPhone Developer";
				COPY_PHASE_STRIP = NO;
				DEBUG_INFORMATION_FORMAT = dwarf;
				ENABLE_STRICT_OBJC_MSGSEND = YES;
				ENABLE_TESTABILITY = YES;
				GCC_C_LANGUAGE_STANDARD = gnu11;
				GCC_DYNAMIC_NO_PIC = NO;
				GCC_NO_COMMON_BLOCKS = YES;
				GCC_OPTIMIZATION_LEVEL = 0;
				GCC_PREPROCESSOR_DEFINITIONS = (
					"DEBUG=1",
					"$(inherited)",
				);
				GCC_WARN_64_TO_32_BIT_CONVERSION = YES;
				GCC_WARN_ABOUT_RETURN_TYPE = YES_ERROR;
				GCC_WARN_UNDECLARED_SELECTOR = YES;
				GCC_WARN_UNINITIALIZED_AUTOS = YES_AGGRESSIVE;
				GCC_WARN_UNUSED_FUNCTION = YES;
				GCC_WARN_UNUSED_VARIABLE = YES;
				IPHONEOS_DEPLOYMENT_TARGET = 12.1;
				MTL_ENABLE_DEBUG_INFO = INCLUDE_SOURCE;
				MTL_FAST_MATH = YES;
				ONLY_ACTIVE_ARCH = YES;
				SDKROOT = iphoneos;
				SWIFT_ACTIVE_COMPILATION_CONDITIONS = DEBUG;
				SWIFT_OPTIMIZATION_LEVEL = "-Onone";
			};
			name = Debug;
		};
		D4C18827222D2EF9007A5FDD /* Release */ = {
			isa = XCBuildConfiguration;
			buildSettings = {
				ALWAYS_SEARCH_USER_PATHS = NO;
				CLANG_ANALYZER_NONNULL = YES;
				CLANG_ANALYZER_NUMBER_OBJECT_CONVERSION = YES_AGGRESSIVE;
				CLANG_CXX_LANGUAGE_STANDARD = "gnu++14";
				CLANG_CXX_LIBRARY = "libc++";
				CLANG_ENABLE_MODULES = YES;
				CLANG_ENABLE_OBJC_ARC = YES;
				CLANG_ENABLE_OBJC_WEAK = YES;
				CLANG_WARN_BLOCK_CAPTURE_AUTORELEASING = YES;
				CLANG_WARN_BOOL_CONVERSION = YES;
				CLANG_WARN_COMMA = YES;
				CLANG_WARN_CONSTANT_CONVERSION = YES;
				CLANG_WARN_DEPRECATED_OBJC_IMPLEMENTATIONS = YES;
				CLANG_WARN_DIRECT_OBJC_ISA_USAGE = YES_ERROR;
				CLANG_WARN_DOCUMENTATION_COMMENTS = YES;
				CLANG_WARN_EMPTY_BODY = YES;
				CLANG_WARN_ENUM_CONVERSION = YES;
				CLANG_WARN_INFINITE_RECURSION = YES;
				CLANG_WARN_INT_CONVERSION = YES;
				CLANG_WARN_NON_LITERAL_NULL_CONVERSION = YES;
				CLANG_WARN_OBJC_IMPLICIT_RETAIN_SELF = YES;
				CLANG_WARN_OBJC_LITERAL_CONVERSION = YES;
				CLANG_WARN_OBJC_ROOT_CLASS = YES_ERROR;
				CLANG_WARN_RANGE_LOOP_ANALYSIS = YES;
				CLANG_WARN_STRICT_PROTOTYPES = YES;
				CLANG_WARN_SUSPICIOUS_MOVE = YES;
				CLANG_WARN_UNGUARDED_AVAILABILITY = YES_AGGRESSIVE;
				CLANG_WARN_UNREACHABLE_CODE = YES;
				CLANG_WARN__DUPLICATE_METHOD_MATCH = YES;
				CODE_SIGN_IDENTITY = "iPhone Developer";
				COPY_PHASE_STRIP = NO;
				DEBUG_INFORMATION_FORMAT = "dwarf-with-dsym";
				ENABLE_NS_ASSERTIONS = NO;
				ENABLE_STRICT_OBJC_MSGSEND = YES;
				GCC_C_LANGUAGE_STANDARD = gnu11;
				GCC_NO_COMMON_BLOCKS = YES;
				GCC_WARN_64_TO_32_BIT_CONVERSION = YES;
				GCC_WARN_ABOUT_RETURN_TYPE = YES_ERROR;
				GCC_WARN_UNDECLARED_SELECTOR = YES;
				GCC_WARN_UNINITIALIZED_AUTOS = YES_AGGRESSIVE;
				GCC_WARN_UNUSED_FUNCTION = YES;
				GCC_WARN_UNUSED_VARIABLE = YES;
				IPHONEOS_DEPLOYMENT_TARGET = 12.1;
				MTL_ENABLE_DEBUG_INFO = NO;
				MTL_FAST_MATH = YES;
				SDKROOT = iphoneos;
				SWIFT_COMPILATION_MODE = wholemodule;
				SWIFT_OPTIMIZATION_LEVEL = "-O";
				VALIDATE_PRODUCT = YES;
			};
			name = Release;
		};
		D4C18829222D2EF9007A5FDD /* Debug */ = {
			isa = XCBuildConfiguration;
			buildSettings = {
				ASSETCATALOG_COMPILER_APPICON_NAME = AppIcon;
				CODE_SIGN_STYLE = Automatic;
				DEVELOPMENT_TEAM = 988X5R3XCJ;
				INFOPLIST_FILE = EmojiArt/Info.plist;
				LD_RUNPATH_SEARCH_PATHS = (
					"$(inherited)",
					"@executable_path/Frameworks",
				);
				PRODUCT_BUNDLE_IDENTIFIER = com.zeu.EmojiArt;
				PRODUCT_NAME = "$(TARGET_NAME)";
				SWIFT_VERSION = 4.2;
				TARGETED_DEVICE_FAMILY = "1,2";
			};
			name = Debug;
		};
		D4C1882A222D2EF9007A5FDD /* Release */ = {
			isa = XCBuildConfiguration;
			buildSettings = {
				ASSETCATALOG_COMPILER_APPICON_NAME = AppIcon;
				CODE_SIGN_STYLE = Automatic;
				DEVELOPMENT_TEAM = 988X5R3XCJ;
				INFOPLIST_FILE = EmojiArt/Info.plist;
				LD_RUNPATH_SEARCH_PATHS = (
					"$(inherited)",
					"@executable_path/Frameworks",
				);
				PRODUCT_BUNDLE_IDENTIFIER = com.zeu.EmojiArt;
				PRODUCT_NAME = "$(TARGET_NAME)";
				SWIFT_VERSION = 4.2;
				TARGETED_DEVICE_FAMILY = "1,2";
			};
			name = Release;
		};
/* End XCBuildConfiguration section */

/* Begin XCConfigurationList section */
		D4C18811222D2EF7007A5FDD /* Build configuration list for PBXProject "EmojiArt" */ = {
			isa = XCConfigurationList;
			buildConfigurations = (
				D4C18826222D2EF9007A5FDD /* Debug */,
				D4C18827222D2EF9007A5FDD /* Release */,
			);
			defaultConfigurationIsVisible = 0;
			defaultConfigurationName = Release;
		};
		D4C18828222D2EF9007A5FDD /* Build configuration list for PBXNativeTarget "EmojiArt" */ = {
			isa = XCConfigurationList;
			buildConfigurations = (
				D4C18829222D2EF9007A5FDD /* Debug */,
				D4C1882A222D2EF9007A5FDD /* Release */,
			);
			defaultConfigurationIsVisible = 0;
			defaultConfigurationName = Release;
		};
/* End XCConfigurationList section */
	};
	rootObject = D4C1880E222D2EF7007A5FDD /* Project object */;
}
