// !$*UTF8*$!
{
	archiveVersion = 1;
	classes = {
	};
	objectVersion = 50;
	objects = {

/* Begin PBXBuildFile section */
		D417A3B622017CDE00C79593 /* AppDelegate.swift in Sources */ = {isa = PBXBuildFile; fileRef = D417A3B522017CDE00C79593 /* AppDelegate.swift */; };
		D417A3B822017CDE00C79593 /* ViewController.swift in Sources */ = {isa = PBXBuildFile; fileRef = D417A3B722017CDE00C79593 /* ViewController.swift */; };
		D417A3BB22017CDE00C79593 /* Main.storyboard in Resources */ = {isa = PBXBuildFile; fileRef = D417A3B922017CDE00C79593 /* Main.storyboard */; };
		D417A3BD22017CDF00C79593 /* Assets.xcassets in Resources */ = {isa = PBXBuildFile; fileRef = D417A3BC22017CDF00C79593 /* Assets.xcassets */; };
		D417A3C022017CDF00C79593 /* LaunchScreen.storyboard in Resources */ = {isa = PBXBuildFile; fileRef = D417A3BE22017CDF00C79593 /* LaunchScreen.storyboard */; };
		D417A3C922017E7D00C79593 /* PlayingCard.swift in Sources */ = {isa = PBXBuildFile; fileRef = D417A3C822017E7D00C79593 /* PlayingCard.swift */; };
		D417A3CB2201873A00C79593 /* PlayingCardDeck.swift in Sources */ = {isa = PBXBuildFile; fileRef = D417A3CA2201873A00C79593 /* PlayingCardDeck.swift */; };
		D417A3CD2202D2BE00C79593 /* PlayingCardView.swift in Sources */ = {isa = PBXBuildFile; fileRef = D417A3CC2202D2BE00C79593 /* PlayingCardView.swift */; };
		D41A9A07221BEC7300BAFA7C /* CardBehavior.swift in Sources */ = {isa = PBXBuildFile; fileRef = D41A9A06221BEC7300BAFA7C /* CardBehavior.swift */; };
/* End PBXBuildFile section */

/* Begin PBXFileReference section */
		D417A3B222017CDE00C79593 /* PlayingCard.app */ = {isa = PBXFileReference; explicitFileType = wrapper.application; includeInIndex = 0; path = PlayingCard.app; sourceTree = BUILT_PRODUCTS_DIR; };
		D417A3B522017CDE00C79593 /* AppDelegate.swift */ = {isa = PBXFileReference; lastKnownFileType = sourcecode.swift; path = AppDelegate.swift; sourceTree = "<group>"; };
		D417A3B722017CDE00C79593 /* ViewController.swift */ = {isa = PBXFileReference; lastKnownFileType = sourcecode.swift; path = ViewController.swift; sourceTree = "<group>"; };
		D417A3BA22017CDE00C79593 /* Base */ = {isa = PBXFileReference; lastKnownFileType = file.storyboard; name = Base; path = Base.lproj/Main.storyboard; sourceTree = "<group>"; };
		D417A3BC22017CDF00C79593 /* Assets.xcassets */ = {isa = PBXFileReference; lastKnownFileType = folder.assetcatalog; path = Assets.xcassets; sourceTree = "<group>"; };
		D417A3BF22017CDF00C79593 /* Base */ = {isa = PBXFileReference; lastKnownFileType = file.storyboard; name = Base; path = Base.lproj/LaunchScreen.storyboard; sourceTree = "<group>"; };
		D417A3C122017CDF00C79593 /* Info.plist */ = {isa = PBXFileReference; lastKnownFileType = text.plist.xml; path = Info.plist; sourceTree = "<group>"; };
		D417A3C822017E7D00C79593 /* PlayingCard.swift */ = {isa = PBXFileReference; lastKnownFileType = sourcecode.swift; path = PlayingCard.swift; sourceTree = "<group>"; };
		D417A3CA2201873A00C79593 /* PlayingCardDeck.swift */ = {isa = PBXFileReference; lastKnownFileType = sourcecode.swift; path = PlayingCardDeck.swift; sourceTree = "<group>"; };
		D417A3CC2202D2BE00C79593 /* PlayingCardView.swift */ = {isa = PBXFileReference; lastKnownFileType = sourcecode.swift; path = PlayingCardView.swift; sourceTree = "<group>"; };
		D41A9A06221BEC7300BAFA7C /* CardBehavior.swift */ = {isa = PBXFileReference; lastKnownFileType = sourcecode.swift; path = CardBehavior.swift; sourceTree = "<group>"; };
/* End PBXFileReference section */

/* Begin PBXFrameworksBuildPhase section */
		D417A3AF22017CDE00C79593 /* Frameworks */ = {
			isa = PBXFrameworksBuildPhase;
			buildActionMask = 2147483647;
			files = (
			);
			runOnlyForDeploymentPostprocessing = 0;
		};
/* End PBXFrameworksBuildPhase section */

/* Begin PBXGroup section */
		D417A3A922017CDE00C79593 = {
			isa = PBXGroup;
			children = (
				D417A3B422017CDE00C79593 /* PlayingCard */,
				D417A3B322017CDE00C79593 /* Products */,
			);
			sourceTree = "<group>";
		};
		D417A3B322017CDE00C79593 /* Products */ = {
			isa = PBXGroup;
			children = (
				D417A3B222017CDE00C79593 /* PlayingCard.app */,
			);
			name = Products;
			sourceTree = "<group>";
		};
		D417A3B422017CDE00C79593 /* PlayingCard */ = {
			isa = PBXGroup;
			children = (
				D417A3B722017CDE00C79593 /* ViewController.swift */,
				D417A3CC2202D2BE00C79593 /* PlayingCardView.swift */,
				D417A3B922017CDE00C79593 /* Main.storyboard */,
				D41A9A06221BEC7300BAFA7C /* CardBehavior.swift */,
				D417A3C822017E7D00C79593 /* PlayingCard.swift */,
				D417A3CA2201873A00C79593 /* PlayingCardDeck.swift */,
				D417A3BC22017CDF00C79593 /* Assets.xcassets */,
				D417A3C122017CDF00C79593 /* Info.plist */,
				D417A3C722017DC400C79593 /* Supporting Files */,
			);
			path = PlayingCard;
			sourceTree = "<group>";
		};
		D417A3C722017DC400C79593 /* Supporting Files */ = {
			isa = PBXGroup;
			children = (
				D417A3B522017CDE00C79593 /* AppDelegate.swift */,
				D417A3BE22017CDF00C79593 /* LaunchScreen.storyboard */,
			);
			path = "Supporting Files";
			sourceTree = "<group>";
		};
/* End PBXGroup section */

/* Begin PBXNativeTarget section */
		D417A3B122017CDE00C79593 /* PlayingCard */ = {
			isa = PBXNativeTarget;
			buildConfigurationList = D417A3C422017CDF00C79593 /* Build configuration list for PBXNativeTarget "PlayingCard" */;
			buildPhases = (
				D417A3AE22017CDE00C79593 /* Sources */,
				D417A3AF22017CDE00C79593 /* Frameworks */,
				D417A3B022017CDE00C79593 /* Resources */,
			);
			buildRules = (
			);
			dependencies = (
			);
			name = PlayingCard;
			productName = PlayingCard;
			productReference = D417A3B222017CDE00C79593 /* PlayingCard.app */;
			productType = "com.apple.product-type.application";
		};
/* End PBXNativeTarget section */

/* Begin PBXProject section */
		D417A3AA22017CDE00C79593 /* Project object */ = {
			isa = PBXProject;
			attributes = {
				LastSwiftUpdateCheck = 1010;
				LastUpgradeCheck = 1010;
				ORGANIZATIONNAME = com.zeu;
				TargetAttributes = {
					D417A3B122017CDE00C79593 = {
						CreatedOnToolsVersion = 10.1;
					};
				};
			};
			buildConfigurationList = D417A3AD22017CDE00C79593 /* Build configuration list for PBXProject "PlayingCard" */;
			compatibilityVersion = "Xcode 9.3";
			developmentRegion = en;
			hasScannedForEncodings = 0;
			knownRegions = (
				en,
				Base,
			);
			mainGroup = D417A3A922017CDE00C79593;
			productRefGroup = D417A3B322017CDE00C79593 /* Products */;
			projectDirPath = "";
			projectRoot = "";
			targets = (
				D417A3B122017CDE00C79593 /* PlayingCard */,
			);
		};
/* End PBXProject section */

/* Begin PBXResourcesBuildPhase section */
		D417A3B022017CDE00C79593 /* Resources */ = {
			isa = PBXResourcesBuildPhase;
			buildActionMask = 2147483647;
			files = (
				D417A3C022017CDF00C79593 /* LaunchScreen.storyboard in Resources */,
				D417A3BD22017CDF00C79593 /* Assets.xcassets in Resources */,
				D417A3BB22017CDE00C79593 /* Main.storyboard in Resources */,
			);
			runOnlyForDeploymentPostprocessing = 0;
		};
/* End PBXResourcesBuildPhase section */

/* Begin PBXSourcesBuildPhase section */
		D417A3AE22017CDE00C79593 /* Sources */ = {
			isa = PBXSourcesBuildPhase;
			buildActionMask = 2147483647;
			files = (
				D417A3B822017CDE00C79593 /* ViewController.swift in Sources */,
				D417A3CB2201873A00C79593 /* PlayingCardDeck.swift in Sources */,
				D417A3C922017E7D00C79593 /* PlayingCard.swift in Sources */,
				D417A3CD2202D2BE00C79593 /* PlayingCardView.swift in Sources */,
				D417A3B622017CDE00C79593 /* AppDelegate.swift in Sources */,
				D41A9A07221BEC7300BAFA7C /* CardBehavior.swift in Sources */,
			);
			runOnlyForDeploymentPostprocessing = 0;
		};
/* End PBXSourcesBuildPhase section */

/* Begin PBXVariantGroup section */
		D417A3B922017CDE00C79593 /* Main.storyboard */ = {
			isa = PBXVariantGroup;
			children = (
				D417A3BA22017CDE00C79593 /* Base */,
			);
			name = Main.storyboard;
			sourceTree = "<group>";
		};
		D417A3BE22017CDF00C79593 /* LaunchScreen.storyboard */ = {
			isa = PBXVariantGroup;
			children = (
				D417A3BF22017CDF00C79593 /* Base */,
			);
			name = LaunchScreen.storyboard;
			sourceTree = "<group>";
		};
/* End PBXVariantGroup section */

/* Begin XCBuildConfiguration section */
		D417A3C222017CDF00C79593 /* Debug */ = {
			isa = XCBuildConfiguration;
			buildSettings = {
				ALWAYS_SEARCH_USER_PATHS = NO;
				CLANG_ANALYZER_NONNULL = YES;
				CLANG_ANALYZER_NUMBER_OBJECT_CONVERSION = YES_AGGRESSIVE;
				CLANG_CXX_LANGUAGE_STANDARD = "gnu++14";
				CLANG_CXX_LIBRARY = "libc++";
				CLANG_ENABLE_MODULES = YES;
				CLANG_ENABLE_OBJC_ARC = YES;
				CLANG_ENABLE_OBJC_WEAK = YES;
				CLANG_WARN_BLOCK_CAPTURE_AUTORELEASING = YES;
				CLANG_WARN_BOOL_CONVERSION = YES;
				CLANG_WARN_COMMA = YES;
				CLANG_WARN_CONSTANT_CONVERSION = YES;
				CLANG_WARN_DEPRECATED_OBJC_IMPLEMENTATIONS = YES;
				CLANG_WARN_DIRECT_OBJC_ISA_USAGE = YES_ERROR;
				CLANG_WARN_DOCUMENTATION_COMMENTS = YES;
				CLANG_WARN_EMPTY_BODY = YES;
				CLANG_WARN_ENUM_CONVERSION = YES;
				CLANG_WARN_INFINITE_RECURSION = YES;
				CLANG_WARN_INT_CONVERSION = YES;
				CLANG_WARN_NON_LITERAL_NULL_CONVERSION = YES;
				CLANG_WARN_OBJC_IMPLICIT_RETAIN_SELF = YES;
				CLANG_WARN_OBJC_LITERAL_CONVERSION = YES;
				CLANG_WARN_OBJC_ROOT_CLASS = YES_ERROR;
				CLANG_WARN_RANGE_LOOP_ANALYSIS = YES;
				CLANG_WARN_STRICT_PROTOTYPES = YES;
				CLANG_WARN_SUSPICIOUS_MOVE = YES;
				CLANG_WARN_UNGUARDED_AVAILABILITY = YES_AGGRESSIVE;
				CLANG_WARN_UNREACHABLE_CODE = YES;
				CLANG_WARN__DUPLICATE_METHOD_MATCH = YES;
				CODE_SIGN_IDENTITY = "iPhone Developer";
				COPY_PHASE_STRIP = NO;
				DEBUG_INFORMATION_FORMAT = dwarf;
				ENABLE_STRICT_OBJC_MSGSEND = YES;
				ENABLE_TESTABILITY = YES;
				GCC_C_LANGUAGE_STANDARD = gnu11;
				GCC_DYNAMIC_NO_PIC = NO;
				GCC_NO_COMMON_BLOCKS = YES;
				GCC_OPTIMIZATION_LEVEL = 0;
				GCC_PREPROCESSOR_DEFINITIONS = (
					"DEBUG=1",
					"$(inherited)",
				);
				GCC_WARN_64_TO_32_BIT_CONVERSION = YES;
				GCC_WARN_ABOUT_RETURN_TYPE = YES_ERROR;
				GCC_WARN_UNDECLARED_SELECTOR = YES;
				GCC_WARN_UNINITIALIZED_AUTOS = YES_AGGRESSIVE;
				GCC_WARN_UNUSED_FUNCTION = YES;
				GCC_WARN_UNUSED_VARIABLE = YES;
				IPHONEOS_DEPLOYMENT_TARGET = 12.1;
				MTL_ENABLE_DEBUG_INFO = INCLUDE_SOURCE;
				MTL_FAST_MATH = YES;
				ONLY_ACTIVE_ARCH = YES;
				SDKROOT = iphoneos;
				SWIFT_ACTIVE_COMPILATION_CONDITIONS = DEBUG;
				SWIFT_OPTIMIZATION_LEVEL = "-Onone";
			};
			name = Debug;
		};
		D417A3C322017CDF00C79593 /* Release */ = {
			isa = XCBuildConfiguration;
			buildSettings = {
				ALWAYS_SEARCH_USER_PATHS = NO;
				CLANG_ANALYZER_NONNULL = YES;
				CLANG_ANALYZER_NUMBER_OBJECT_CONVERSION = YES_AGGRESSIVE;
				CLANG_CXX_LANGUAGE_STANDARD = "gnu++14";
				CLANG_CXX_LIBRARY = "libc++";
				CLANG_ENABLE_MODULES = YES;
				CLANG_ENABLE_OBJC_ARC = YES;
				CLANG_ENABLE_OBJC_WEAK = YES;
				CLANG_WARN_BLOCK_CAPTURE_AUTORELEASING = YES;
				CLANG_WARN_BOOL_CONVERSION = YES;
				CLANG_WARN_COMMA = YES;
				CLANG_WARN_CONSTANT_CONVERSION = YES;
				CLANG_WARN_DEPRECATED_OBJC_IMPLEMENTATIONS = YES;
				CLANG_WARN_DIRECT_OBJC_ISA_USAGE = YES_ERROR;
				CLANG_WARN_DOCUMENTATION_COMMENTS = YES;
				CLANG_WARN_EMPTY_BODY = YES;
				CLANG_WARN_ENUM_CONVERSION = YES;
				CLANG_WARN_INFINITE_RECURSION = YES;
				CLANG_WARN_INT_CONVERSION = YES;
				CLANG_WARN_NON_LITERAL_NULL_CONVERSION = YES;
				CLANG_WARN_OBJC_IMPLICIT_RETAIN_SELF = YES;
				CLANG_WARN_OBJC_LITERAL_CONVERSION = YES;
				CLANG_WARN_OBJC_ROOT_CLASS = YES_ERROR;
				CLANG_WARN_RANGE_LOOP_ANALYSIS = YES;
				CLANG_WARN_STRICT_PROTOTYPES = YES;
				CLANG_WARN_SUSPICIOUS_MOVE = YES;
				CLANG_WARN_UNGUARDED_AVAILABILITY = YES_AGGRESSIVE;
				CLANG_WARN_UNREACHABLE_CODE = YES;
				CLANG_WARN__DUPLICATE_METHOD_MATCH = YES;
				CODE_SIGN_IDENTITY = "iPhone Developer";
				COPY_PHASE_STRIP = NO;
				DEBUG_INFORMATION_FORMAT = "dwarf-with-dsym";
				ENABLE_NS_ASSERTIONS = NO;
				ENABLE_STRICT_OBJC_MSGSEND = YES;
				GCC_C_LANGUAGE_STANDARD = gnu11;
				GCC_NO_COMMON_BLOCKS = YES;
				GCC_WARN_64_TO_32_BIT_CONVERSION = YES;
				GCC_WARN_ABOUT_RETURN_TYPE = YES_ERROR;
				GCC_WARN_UNDECLARED_SELECTOR = YES;
				GCC_WARN_UNINITIALIZED_AUTOS = YES_AGGRESSIVE;
				GCC_WARN_UNUSED_FUNCTION = YES;
				GCC_WARN_UNUSED_VARIABLE = YES;
				IPHONEOS_DEPLOYMENT_TARGET = 12.1;
				MTL_ENABLE_DEBUG_INFO = NO;
				MTL_FAST_MATH = YES;
				SDKROOT = iphoneos;
				SWIFT_COMPILATION_MODE = wholemodule;
				SWIFT_OPTIMIZATION_LEVEL = "-O";
				VALIDATE_PRODUCT = YES;
			};
			name = Release;
		};
		D417A3C522017CDF00C79593 /* Debug */ = {
			isa = XCBuildConfiguration;
			buildSettings = {
				ASSETCATALOG_COMPILER_APPICON_NAME = AppIcon;
				CODE_SIGN_STYLE = Automatic;
				DEVELOPMENT_TEAM = 988X5R3XCJ;
				INFOPLIST_FILE = PlayingCard/Info.plist;
				LD_RUNPATH_SEARCH_PATHS = (
					"$(inherited)",
					"@executable_path/Frameworks",
				);
				PRODUCT_BUNDLE_IDENTIFIER = com.zeu.PlayingCard;
				PRODUCT_NAME = "$(TARGET_NAME)";
				SWIFT_VERSION = 4.2;
				TARGETED_DEVICE_FAMILY = "1,2";
			};
			name = Debug;
		};
		D417A3C622017CDF00C79593 /* Release */ = {
			isa = XCBuildConfiguration;
			buildSettings = {
				ASSETCATALOG_COMPILER_APPICON_NAME = AppIcon;
				CODE_SIGN_STYLE = Automatic;
				DEVELOPMENT_TEAM = 988X5R3XCJ;
				INFOPLIST_FILE = PlayingCard/Info.plist;
				LD_RUNPATH_SEARCH_PATHS = (
					"$(inherited)",
					"@executable_path/Frameworks",
				);
				PRODUCT_BUNDLE_IDENTIFIER = com.zeu.PlayingCard;
				PRODUCT_NAME = "$(TARGET_NAME)";
				SWIFT_VERSION = 4.2;
				TARGETED_DEVICE_FAMILY = "1,2";
			};
			name = Release;
		};
/* End XCBuildConfiguration section */

/* Begin XCConfigurationList section */
		D417A3AD22017CDE00C79593 /* Build configuration list for PBXProject "PlayingCard" */ = {
			isa = XCConfigurationList;
			buildConfigurations = (
				D417A3C222017CDF00C79593 /* Debug */,
				D417A3C322017CDF00C79593 /* Release */,
			);
			defaultConfigurationIsVisible = 0;
			defaultConfigurationName = Release;
		};
		D417A3C422017CDF00C79593 /* Build configuration list for PBXNativeTarget "PlayingCard" */ = {
			isa = XCConfigurationList;
			buildConfigurations = (
				D417A3C522017CDF00C79593 /* Debug */,
				D417A3C622017CDF00C79593 /* Release */,
			);
			defaultConfigurationIsVisible = 0;
			defaultConfigurationName = Release;
		};
/* End XCConfigurationList section */
	};
	rootObject = D417A3AA22017CDE00C79593 /* Project object */;
}
